// !$*UTF8*$!
{
	archiveVersion = 1;
	classes = {
	};
	objectVersion = 46;
	objects = {

/* Begin PBXBuildFile section */
		6121615A1CC9D803006A7C72 /* main.m in Sources */ = {isa = PBXBuildFile; fileRef = 612161591CC9D803006A7C72 /* main.m */; };
		6121615D1CC9D803006A7C72 /* AppDelegate.m in Sources */ = {isa = PBXBuildFile; fileRef = 6121615C1CC9D803006A7C72 /* AppDelegate.m */; };
		612161601CC9D803006A7C72 /* ViewController.m in Sources */ = {isa = PBXBuildFile; fileRef = 6121615F1CC9D803006A7C72 /* ViewController.m */; };
		612161631CC9D803006A7C72 /* Main.storyboard in Resources */ = {isa = PBXBuildFile; fileRef = 612161611CC9D803006A7C72 /* Main.storyboard */; };
		612161651CC9D803006A7C72 /* Assets.xcassets in Resources */ = {isa = PBXBuildFile; fileRef = 612161641CC9D803006A7C72 /* Assets.xcassets */; };
		612161681CC9D803006A7C72 /* LaunchScreen.storyboard in Resources */ = {isa = PBXBuildFile; fileRef = 612161661CC9D803006A7C72 /* LaunchScreen.storyboard */; };
		612161771CC9DB9A006A7C72 /* VideoToolbox.framework in Frameworks */ = {isa = PBXBuildFile; fileRef = 612161761CC9DB9A006A7C72 /* VideoToolbox.framework */; };
		612161791CC9DBA4006A7C72 /* UIKit.framework in Frameworks */ = {isa = PBXBuildFile; fileRef = 612161781CC9DBA4006A7C72 /* UIKit.framework */; };
		6121617B1CC9DBAB006A7C72 /* QuartzCore.framework in Frameworks */ = {isa = PBXBuildFile; fileRef = 6121617A1CC9DBAB006A7C72 /* QuartzCore.framework */; };
		6121617D1CC9DBB6006A7C72 /* OpenGLES.framework in Frameworks */ = {isa = PBXBuildFile; fileRef = 6121617C1CC9DBB6006A7C72 /* OpenGLES.framework */; };
		6121617F1CC9DBC0006A7C72 /* MobileCoreServices.framework in Frameworks */ = {isa = PBXBuildFile; fileRef = 6121617E1CC9DBC0006A7C72 /* MobileCoreServices.framework */; };
		612161811CC9DBD0006A7C72 /* MediaPlayer.framework in Frameworks */ = {isa = PBXBuildFile; fileRef = 612161801CC9DBD0006A7C72 /* MediaPlayer.framework */; };
		612161831CC9DBD9006A7C72 /* CoreVideo.framework in Frameworks */ = {isa = PBXBuildFile; fileRef = 612161821CC9DBD9006A7C72 /* CoreVideo.framework */; };
		612161851CC9DBE7006A7C72 /* CoreMedia.framework in Frameworks */ = {isa = PBXBuildFile; fileRef = 612161841CC9DBE7006A7C72 /* CoreMedia.framework */; };
		612161871CC9DBEF006A7C72 /* CoreGraphics.framework in Frameworks */ = {isa = PBXBuildFile; fileRef = 612161861CC9DBEF006A7C72 /* CoreGraphics.framework */; };
		612161891CC9DBF5006A7C72 /* AVFoundation.framework in Frameworks */ = {isa = PBXBuildFile; fileRef = 612161881CC9DBF5006A7C72 /* AVFoundation.framework */; };
		6121618B1CC9DC03006A7C72 /* AudioToolbox.framework in Frameworks */ = {isa = PBXBuildFile; fileRef = 6121618A1CC9DC03006A7C72 /* AudioToolbox.framework */; };
		6121618F1CC9DC38006A7C72 /* libbz2.tbd in Frameworks */ = {isa = PBXBuildFile; fileRef = 6121618E1CC9DC38006A7C72 /* libbz2.tbd */; };
		612161911CC9DC40006A7C72 /* libz.tbd in Frameworks */ = {isa = PBXBuildFile; fileRef = 612161901CC9DC40006A7C72 /* libz.tbd */; };
		6121619C1CCA0288006A7C72 /* IJKMediaFramework.framework in Frameworks */ = {isa = PBXBuildFile; fileRef = 6121619B1CCA0288006A7C72 /* IJKMediaFramework.framework */; };
		9076BC76DB8173AB524874A9 /* libPods.a in Frameworks */ = {isa = PBXBuildFile; fileRef = 4851EF63A1B5AB38BD0EC836 /* libPods.a */; };
/* End PBXBuildFile section */

/* Begin PBXFileReference section */
		2E6CB7D1C95862FFE5F02AD9 /* Pods.debug.xcconfig */ = {isa = PBXFileReference; includeInIndex = 1; lastKnownFileType = text.xcconfig; name = Pods.debug.xcconfig; path = "Pods/Target Support Files/Pods/Pods.debug.xcconfig"; sourceTree = "<group>"; };
		4851EF63A1B5AB38BD0EC836 /* libPods.a */ = {isa = PBXFileReference; explicitFileType = archive.ar; includeInIndex = 0; path = libPods.a; sourceTree = BUILT_PRODUCTS_DIR; };
		612161551CC9D803006A7C72 /* ijkplayerDemo.app */ = {isa = PBXFileReference; explicitFileType = wrapper.application; includeInIndex = 0; path = ijkplayerDemo.app; sourceTree = BUILT_PRODUCTS_DIR; };
		612161591CC9D803006A7C72 /* main.m */ = {isa = PBXFileReference; lastKnownFileType = sourcecode.c.objc; path = main.m; sourceTree = "<group>"; };
		6121615B1CC9D803006A7C72 /* AppDelegate.h */ = {isa = PBXFileReference; lastKnownFileType = sourcecode.c.h; path = AppDelegate.h; sourceTree = "<group>"; };
		6121615C1CC9D803006A7C72 /* AppDelegate.m */ = {isa = PBXFileReference; lastKnownFileType = sourcecode.c.objc; path = AppDelegate.m; sourceTree = "<group>"; };
		6121615E1CC9D803006A7C72 /* ViewController.h */ = {isa = PBXFileReference; lastKnownFileType = sourcecode.c.h; path = ViewController.h; sourceTree = "<group>"; };
		6121615F1CC9D803006A7C72 /* ViewController.m */ = {isa = PBXFileReference; lastKnownFileType = sourcecode.c.objc; path = ViewController.m; sourceTree = "<group>"; };
		612161621CC9D803006A7C72 /* Base */ = {isa = PBXFileReference; lastKnownFileType = file.storyboard; name = Base; path = Base.lproj/Main.storyboard; sourceTree = "<group>"; };
		612161641CC9D803006A7C72 /* Assets.xcassets */ = {isa = PBXFileReference; lastKnownFileType = folder.assetcatalog; path = Assets.xcassets; sourceTree = "<group>"; };
		612161671CC9D803006A7C72 /* Base */ = {isa = PBXFileReference; lastKnownFileType = file.storyboard; name = Base; path = Base.lproj/LaunchScreen.storyboard; sourceTree = "<group>"; };
		612161691CC9D803006A7C72 /* Info.plist */ = {isa = PBXFileReference; lastKnownFileType = text.plist.xml; path = Info.plist; sourceTree = "<group>"; };
		612161761CC9DB9A006A7C72 /* VideoToolbox.framework */ = {isa = PBXFileReference; lastKnownFileType = wrapper.framework; name = VideoToolbox.framework; path = System/Library/Frameworks/VideoToolbox.framework; sourceTree = SDKROOT; };
		612161781CC9DBA4006A7C72 /* UIKit.framework */ = {isa = PBXFileReference; lastKnownFileType = wrapper.framework; name = UIKit.framework; path = System/Library/Frameworks/UIKit.framework; sourceTree = SDKROOT; };
		6121617A1CC9DBAB006A7C72 /* QuartzCore.framework */ = {isa = PBXFileReference; lastKnownFileType = wrapper.framework; name = QuartzCore.framework; path = System/Library/Frameworks/QuartzCore.framework; sourceTree = SDKROOT; };
		6121617C1CC9DBB6006A7C72 /* OpenGLES.framework */ = {isa = PBXFileReference; lastKnownFileType = wrapper.framework; name = OpenGLES.framework; path = System/Library/Frameworks/OpenGLES.framework; sourceTree = SDKROOT; };
		6121617E1CC9DBC0006A7C72 /* MobileCoreServices.framework */ = {isa = PBXFileReference; lastKnownFileType = wrapper.framework; name = MobileCoreServices.framework; path = System/Library/Frameworks/MobileCoreServices.framework; sourceTree = SDKROOT; };
		612161801CC9DBD0006A7C72 /* MediaPlayer.framework */ = {isa = PBXFileReference; lastKnownFileType = wrapper.framework; name = MediaPlayer.framework; path = System/Library/Frameworks/MediaPlayer.framework; sourceTree = SDKROOT; };
		612161821CC9DBD9006A7C72 /* CoreVideo.framework */ = {isa = PBXFileReference; lastKnownFileType = wrapper.framework; name = CoreVideo.framework; path = System/Library/Frameworks/CoreVideo.framework; sourceTree = SDKROOT; };
		612161841CC9DBE7006A7C72 /* CoreMedia.framework */ = {isa = PBXFileReference; lastKnownFileType = wrapper.framework; name = CoreMedia.framework; path = System/Library/Frameworks/CoreMedia.framework; sourceTree = SDKROOT; };
		612161861CC9DBEF006A7C72 /* CoreGraphics.framework */ = {isa = PBXFileReference; lastKnownFileType = wrapper.framework; name = CoreGraphics.framework; path = System/Library/Frameworks/CoreGraphics.framework; sourceTree = SDKROOT; };
		612161881CC9DBF5006A7C72 /* AVFoundation.framework */ = {isa = PBXFileReference; lastKnownFileType = wrapper.framework; name = AVFoundation.framework; path = System/Library/Frameworks/AVFoundation.framework; sourceTree = SDKROOT; };
		6121618A1CC9DC03006A7C72 /* AudioToolbox.framework */ = {isa = PBXFileReference; lastKnownFileType = wrapper.framework; name = AudioToolbox.framework; path = System/Library/Frameworks/AudioToolbox.framework; sourceTree = SDKROOT; };
		6121618E1CC9DC38006A7C72 /* libbz2.tbd */ = {isa = PBXFileReference; lastKnownFileType = "sourcecode.text-based-dylib-definition"; name = libbz2.tbd; path = usr/lib/libbz2.tbd; sourceTree = SDKROOT; };
		612161901CC9DC40006A7C72 /* libz.tbd */ = {isa = PBXFileReference; lastKnownFileType = "sourcecode.text-based-dylib-definition"; name = libz.tbd; path = usr/lib/libz.tbd; sourceTree = SDKROOT; };
		6121619B1CCA0288006A7C72 /* IJKMediaFramework.framework */ = {isa = PBXFileReference; lastKnownFileType = wrapper.framework; path = IJKMediaFramework.framework; sourceTree = "<group>"; };
		A4555EAA3C0D569EAD3219A3 /* Pods.release.xcconfig */ = {isa = PBXFileReference; includeInIndex = 1; lastKnownFileType = text.xcconfig; name = Pods.release.xcconfig; path = "Pods/Target Support Files/Pods/Pods.release.xcconfig"; sourceTree = "<group>"; };
/* End PBXFileReference section */

/* Begin PBXFrameworksBuildPhase section */
		612161521CC9D803006A7C72 /* Frameworks */ = {
			isa = PBXFrameworksBuildPhase;
			buildActionMask = 2147483647;
			files = (
				612161911CC9DC40006A7C72 /* libz.tbd in Frameworks */,
				6121618F1CC9DC38006A7C72 /* libbz2.tbd in Frameworks */,
				6121618B1CC9DC03006A7C72 /* AudioToolbox.framework in Frameworks */,
				612161891CC9DBF5006A7C72 /* AVFoundation.framework in Frameworks */,
				612161871CC9DBEF006A7C72 /* CoreGraphics.framework in Frameworks */,
				612161851CC9DBE7006A7C72 /* CoreMedia.framework in Frameworks */,
				612161831CC9DBD9006A7C72 /* CoreVideo.framework in Frameworks */,
				612161811CC9DBD0006A7C72 /* MediaPlayer.framework in Frameworks */,
				6121617F1CC9DBC0006A7C72 /* MobileCoreServices.framework in Frameworks */,
				6121617D1CC9DBB6006A7C72 /* OpenGLES.framework in Frameworks */,
				6121617B1CC9DBAB006A7C72 /* QuartzCore.framework in Frameworks */,
				612161791CC9DBA4006A7C72 /* UIKit.framework in Frameworks */,
				612161771CC9DB9A006A7C72 /* VideoToolbox.framework in Frameworks */,
				6121619C1CCA0288006A7C72 /* IJKMediaFramework.framework in Frameworks */,
				9076BC76DB8173AB524874A9 /* libPods.a in Frameworks */,
			);
			runOnlyForDeploymentPostprocessing = 0;
		};
/* End PBXFrameworksBuildPhase section */

/* Begin PBXGroup section */
		6121614C1CC9D803006A7C72 = {
			isa = PBXGroup;
			children = (
				612161571CC9D803006A7C72 /* ijkplayerDemo */,
				6121618D1CC9DC19006A7C72 /* framework */,
				612161561CC9D803006A7C72 /* Products */,
				AD02C7F8095E4208FB150FF7 /* Pods */,
				DE22B2CF869C181C3DBC5B38 /* Frameworks */,
			);
			sourceTree = "<group>";
		};
		612161561CC9D803006A7C72 /* Products */ = {
			isa = PBXGroup;
			children = (
				612161551CC9D803006A7C72 /* ijkplayerDemo.app */,
			);
			name = Products;
			sourceTree = "<group>";
		};
		612161571CC9D803006A7C72 /* ijkplayerDemo */ = {
			isa = PBXGroup;
			children = (
				6121615B1CC9D803006A7C72 /* AppDelegate.h */,
				6121615C1CC9D803006A7C72 /* AppDelegate.m */,
				6121615E1CC9D803006A7C72 /* ViewController.h */,
				6121615F1CC9D803006A7C72 /* ViewController.m */,
				612161611CC9D803006A7C72 /* Main.storyboard */,
				612161641CC9D803006A7C72 /* Assets.xcassets */,
				612161661CC9D803006A7C72 /* LaunchScreen.storyboard */,
				612161691CC9D803006A7C72 /* Info.plist */,
				612161581CC9D803006A7C72 /* Supporting Files */,
			);
			path = ijkplayerDemo;
			sourceTree = "<group>";
		};
		612161581CC9D803006A7C72 /* Supporting Files */ = {
			isa = PBXGroup;
			children = (
				612161591CC9D803006A7C72 /* main.m */,
			);
			name = "Supporting Files";
			sourceTree = "<group>";
		};
		6121618D1CC9DC19006A7C72 /* framework */ = {
			isa = PBXGroup;
			children = (
				6121619B1CCA0288006A7C72 /* IJKMediaFramework.framework */,
				612161901CC9DC40006A7C72 /* libz.tbd */,
				6121618E1CC9DC38006A7C72 /* libbz2.tbd */,
				6121618A1CC9DC03006A7C72 /* AudioToolbox.framework */,
				612161881CC9DBF5006A7C72 /* AVFoundation.framework */,
				612161861CC9DBEF006A7C72 /* CoreGraphics.framework */,
				612161841CC9DBE7006A7C72 /* CoreMedia.framework */,
				612161821CC9DBD9006A7C72 /* CoreVideo.framework */,
				612161801CC9DBD0006A7C72 /* MediaPlayer.framework */,
				6121617E1CC9DBC0006A7C72 /* MobileCoreServices.framework */,
				6121617C1CC9DBB6006A7C72 /* OpenGLES.framework */,
				6121617A1CC9DBAB006A7C72 /* QuartzCore.framework */,
				612161781CC9DBA4006A7C72 /* UIKit.framework */,
				612161761CC9DB9A006A7C72 /* VideoToolbox.framework */,
			);
			name = framework;
			sourceTree = "<group>";
		};
		AD02C7F8095E4208FB150FF7 /* Pods */ = {
			isa = PBXGroup;
			children = (
				2E6CB7D1C95862FFE5F02AD9 /* Pods.debug.xcconfig */,
				A4555EAA3C0D569EAD3219A3 /* Pods.release.xcconfig */,
			);
			name = Pods;
			sourceTree = "<group>";
		};
		DE22B2CF869C181C3DBC5B38 /* Frameworks */ = {
			isa = PBXGroup;
			children = (
				4851EF63A1B5AB38BD0EC836 /* libPods.a */,
			);
			name = Frameworks;
			sourceTree = "<group>";
		};
/* End PBXGroup section */

/* Begin PBXNativeTarget section */
		612161541CC9D803006A7C72 /* ijkplayerDemo */ = {
			isa = PBXNativeTarget;
			buildConfigurationList = 6121616C1CC9D803006A7C72 /* Build configuration list for PBXNativeTarget "ijkplayerDemo" */;
			buildPhases = (
				456A463430E3F93E8937D180 /* Check Pods Manifest.lock */,
				612161511CC9D803006A7C72 /* Sources */,
				612161521CC9D803006A7C72 /* Frameworks */,
				612161531CC9D803006A7C72 /* Resources */,
				8E16CB2C9D8E767CFF6BF427 /* Embed Pods Frameworks */,
				CB8943DD1EB5221F6DB1FC45 /* Copy Pods Resources */,
			);
			buildRules = (
			);
			dependencies = (
			);
			name = ijkplayerDemo;
			productName = ijkplayerDemo;
			productReference = 612161551CC9D803006A7C72 /* ijkplayerDemo.app */;
			productType = "com.apple.product-type.application";
		};
/* End PBXNativeTarget section */

/* Begin PBXProject section */
		6121614D1CC9D803006A7C72 /* Project object */ = {
			isa = PBXProject;
			attributes = {
				LastUpgradeCheck = 0720;
				ORGANIZATIONNAME = wanglei;
				TargetAttributes = {
					612161541CC9D803006A7C72 = {
						CreatedOnToolsVersion = 7.2;
						DevelopmentTeam = 35HG47YK45;
					};
				};
			};
			buildConfigurationList = 612161501CC9D803006A7C72 /* Build configuration list for PBXProject "ijkplayerDemo" */;
			compatibilityVersion = "Xcode 3.2";
			developmentRegion = English;
			hasScannedForEncodings = 0;
			knownRegions = (
				en,
				Base,
			);
			mainGroup = 6121614C1CC9D803006A7C72;
			productRefGroup = 612161561CC9D803006A7C72 /* Products */;
			projectDirPath = "";
			projectRoot = "";
			targets = (
				612161541CC9D803006A7C72 /* ijkplayerDemo */,
			);
		};
/* End PBXProject section */

/* Begin PBXResourcesBuildPhase section */
		612161531CC9D803006A7C72 /* Resources */ = {
			isa = PBXResourcesBuildPhase;
			buildActionMask = 2147483647;
			files = (
				612161681CC9D803006A7C72 /* LaunchScreen.storyboard in Resources */,
				612161651CC9D803006A7C72 /* Assets.xcassets in Resources */,
				612161631CC9D803006A7C72 /* Main.storyboard in Resources */,
			);
			runOnlyForDeploymentPostprocessing = 0;
		};
/* End PBXResourcesBuildPhase section */

/* Begin PBXShellScriptBuildPhase section */
		456A463430E3F93E8937D180 /* Check Pods Manifest.lock */ = {
			isa = PBXShellScriptBuildPhase;
			buildActionMask = 2147483647;
			files = (
			);
			inputPaths = (
			);
			name = "Check Pods Manifest.lock";
			outputPaths = (
			);
			runOnlyForDeploymentPostprocessing = 0;
			shellPath = /bin/sh;
			shellScript = "diff \"${PODS_ROOT}/../Podfile.lock\" \"${PODS_ROOT}/Manifest.lock\" > /dev/null\nif [[ $? != 0 ]] ; then\n    cat << EOM\nerror: The sandbox is not in sync with the Podfile.lock. Run 'pod install' or update your CocoaPods installation.\nEOM\n    exit 1\nfi\n";
			showEnvVarsInLog = 0;
		};
		8E16CB2C9D8E767CFF6BF427 /* Embed Pods Frameworks */ = {
			isa = PBXShellScriptBuildPhase;
			buildActionMask = 2147483647;
			files = (
			);
			inputPaths = (
			);
			name = "Embed Pods Frameworks";
			outputPaths = (
			);
			runOnlyForDeploymentPostprocessing = 0;
			shellPath = /bin/sh;
			shellScript = "\"${SRCROOT}/Pods/Target Support Files/Pods/Pods-frameworks.sh\"\n";
			showEnvVarsInLog = 0;
		};
		CB8943DD1EB5221F6DB1FC45 /* Copy Pods Resources */ = {
			isa = PBXShellScriptBuildPhase;
			buildActionMask = 2147483647;
			files = (
			);
			inputPaths = (
			);
			name = "Copy Pods Resources";
			outputPaths = (
			);
			runOnlyForDeploymentPostprocessing = 0;
			shellPath = /bin/sh;
			shellScript = "\"${SRCROOT}/Pods/Target Support Files/Pods/Pods-resources.sh\"\n";
			showEnvVarsInLog = 0;
		};
/* End PBXShellScriptBuildPhase section */

/* Begin PBXSourcesBuildPhase section */
		612161511CC9D803006A7C72 /* Sources */ = {
			isa = PBXSourcesBuildPhase;
			buildActionMask = 2147483647;
			files = (
				612161601CC9D803006A7C72 /* ViewController.m in Sources */,
				6121615D1CC9D803006A7C72 /* AppDelegate.m in Sources */,
				6121615A1CC9D803006A7C72 /* main.m in Sources */,
			);
			runOnlyForDeploymentPostprocessing = 0;
		};
/* End PBXSourcesBuildPhase section */

/* Begin PBXVariantGroup section */
		612161611CC9D803006A7C72 /* Main.storyboard */ = {
			isa = PBXVariantGroup;
			children = (
				612161621CC9D803006A7C72 /* Base */,
			);
			name = Main.storyboard;
			sourceTree = "<group>";
		};
		612161661CC9D803006A7C72 /* LaunchScreen.storyboard */ = {
			isa = PBXVariantGroup;
			children = (
				612161671CC9D803006A7C72 /* Base */,
			);
			name = LaunchScreen.storyboard;
			sourceTree = "<group>";
		};
/* End PBXVariantGroup section */

/* Begin XCBuildConfiguration section */
		6121616A1CC9D803006A7C72 /* Debug */ = {
			isa = XCBuildConfiguration;
			buildSettings = {
				ALWAYS_SEARCH_USER_PATHS = NO;
				CLANG_CXX_LANGUAGE_STANDARD = "gnu++0x";
				CLANG_CXX_LIBRARY = "libc++";
				CLANG_ENABLE_MODULES = YES;
				CLANG_ENABLE_OBJC_ARC = YES;
				CLANG_WARN_BOOL_CONVERSION = YES;
				CLANG_WARN_CONSTANT_CONVERSION = YES;
				CLANG_WARN_DIRECT_OBJC_ISA_USAGE = YES_ERROR;
				CLANG_WARN_EMPTY_BODY = YES;
				CLANG_WARN_ENUM_CONVERSION = YES;
				CLANG_WARN_INT_CONVERSION = YES;
				CLANG_WARN_OBJC_ROOT_CLASS = YES_ERROR;
				CLANG_WARN_UNREACHABLE_CODE = YES;
				CLANG_WARN__DUPLICATE_METHOD_MATCH = YES;
				"CODE_SIGN_IDENTITY[sdk=iphoneos*]" = "iPhone Developer";
				COPY_PHASE_STRIP = NO;
				DEBUG_INFORMATION_FORMAT = dwarf;
				ENABLE_STRICT_OBJC_MSGSEND = YES;
				ENABLE_TESTABILITY = YES;
				GCC_C_LANGUAGE_STANDARD = gnu99;
				GCC_DYNAMIC_NO_PIC = NO;
				GCC_NO_COMMON_BLOCKS = YES;
				GCC_OPTIMIZATION_LEVEL = 0;
				GCC_PREPROCESSOR_DEFINITIONS = (
					"DEBUG=1",
					"$(inherited)",
				);
				GCC_WARN_64_TO_32_BIT_CONVERSION = YES;
				GCC_WARN_ABOUT_RETURN_TYPE = YES_ERROR;
				GCC_WARN_UNDECLARED_SELECTOR = YES;
				GCC_WARN_UNINITIALIZED_AUTOS = YES_AGGRESSIVE;
				GCC_WARN_UNUSED_FUNCTION = YES;
				GCC_WARN_UNUSED_VARIABLE = YES;
				IPHONEOS_DEPLOYMENT_TARGET = 9.2;
				MTL_ENABLE_DEBUG_INFO = YES;
				ONLY_ACTIVE_ARCH = YES;
				SDKROOT = iphoneos;
			};
			name = Debug;
		};
		6121616B1CC9D803006A7C72 /* Release */ = {
			isa = XCBuildConfiguration;
			buildSettings = {
				ALWAYS_SEARCH_USER_PATHS = NO;
				CLANG_CXX_LANGUAGE_STANDARD = "gnu++0x";
				CLANG_CXX_LIBRARY = "libc++";
				CLANG_ENABLE_MODULES = YES;
				CLANG_ENABLE_OBJC_ARC = YES;
				CLANG_WARN_BOOL_CONVERSION = YES;
				CLANG_WARN_CONSTANT_CONVERSION = YES;
				CLANG_WARN_DIRECT_OBJC_ISA_USAGE = YES_ERROR;
				CLANG_WARN_EMPTY_BODY = YES;
				CLANG_WARN_ENUM_CONVERSION = YES;
				CLANG_WARN_INT_CONVERSION = YES;
				CLANG_WARN_OBJC_ROOT_CLASS = YES_ERROR;
				CLANG_WARN_UNREACHABLE_CODE = YES;
				CLANG_WARN__DUPLICATE_METHOD_MATCH = YES;
				"CODE_SIGN_IDENTITY[sdk=iphoneos*]" = "iPhone Developer";
				COPY_PHASE_STRIP = NO;
				DEBUG_INFORMATION_FORMAT = "dwarf-with-dsym";
				ENABLE_NS_ASSERTIONS = NO;
				ENABLE_STRICT_OBJC_MSGSEND = YES;
				GCC_C_LANGUAGE_STANDARD = gnu99;
				GCC_NO_COMMON_BLOCKS = YES;
				GCC_WARN_64_TO_32_BIT_CONVERSION = YES;
				GCC_WARN_ABOUT_RETURN_TYPE = YES_ERROR;
				GCC_WARN_UNDECLARED_SELECTOR = YES;
				GCC_WARN_UNINITIALIZED_AUTOS = YES_AGGRESSIVE;
				GCC_WARN_UNUSED_FUNCTION = YES;
				GCC_WARN_UNUSED_VARIABLE = YES;
				IPHONEOS_DEPLOYMENT_TARGET = 9.2;
				MTL_ENABLE_DEBUG_INFO = NO;
				SDKROOT = iphoneos;
				VALIDATE_PRODUCT = YES;
			};
			name = Release;
		};
		6121616D1CC9D803006A7C72 /* Debug */ = {
			isa = XCBuildConfiguration;
			baseConfigurationReference = 2E6CB7D1C95862FFE5F02AD9 /* Pods.debug.xcconfig */;
			buildSettings = {
				ASSETCATALOG_COMPILER_APPICON_NAME = AppIcon;
				CODE_SIGN_IDENTITY = "iPhone Developer";
				"CODE_SIGN_IDENTITY[sdk=iphoneos*]" = "iPhone Developer";
				FRAMEWORK_SEARCH_PATHS = (
					"$(inherited)",
					"$(PROJECT_DIR)",
				);
				INFOPLIST_FILE = ijkplayerDemo/Info.plist;
				LD_RUNPATH_SEARCH_PATHS = "$(inherited) @executable_path/Frameworks";
				LIBRARY_SEARCH_PATHS = (
					"$(inherited)",
					"$(PROJECT_DIR)/ijkplayerDemo",
					"$(PROJECT_DIR)",
				);
				ONLY_ACTIVE_ARCH = NO;
				PRODUCT_BUNDLE_IDENTIFIER = com.wanglei.guoruixiao;
				PRODUCT_NAME = "$(TARGET_NAME)";
				PROVISIONING_PROFILE = "";
			};
			name = Debug;
		};
		6121616E1CC9D803006A7C72 /* Release */ = {
			isa = XCBuildConfiguration;
			baseConfigurationReference = A4555EAA3C0D569EAD3219A3 /* Pods.release.xcconfig */;
			buildSettings = {
				ASSETCATALOG_COMPILER_APPICON_NAME = AppIcon;
				CODE_SIGN_IDENTITY = "iPhone Developer";
				"CODE_SIGN_IDENTITY[sdk=iphoneos*]" = "iPhone Developer";
				FRAMEWORK_SEARCH_PATHS = (
					"$(inherited)",
					"$(PROJECT_DIR)",
				);
				INFOPLIST_FILE = ijkplayerDemo/Info.plist;
				LD_RUNPATH_SEARCH_PATHS = "$(inherited) @executable_path/Frameworks";
				LIBRARY_SEARCH_PATHS = (
					"$(inherited)",
					"$(PROJECT_DIR)/ijkplayerDemo",
					"$(PROJECT_DIR)",
				);
				PRODUCT_BUNDLE_IDENTIFIER = com.wanglei.guoruixiao;
				PRODUCT_NAME = "$(TARGET_NAME)";
				PROVISIONING_PROFILE = "";
			};
			name = Release;
		};
/* End XCBuildConfiguration section */

/* Begin XCConfigurationList section */
		612161501CC9D803006A7C72 /* Build configuration list for PBXProject "ijkplayerDemo" */ = {
			isa = XCConfigurationList;
			buildConfigurations = (
				6121616A1CC9D803006A7C72 /* Debug */,
				6121616B1CC9D803006A7C72 /* Release */,
			);
			defaultConfigurationIsVisible = 0;
			defaultConfigurationName = Release;
		};
		6121616C1CC9D803006A7C72 /* Build configuration list for PBXNativeTarget "ijkplayerDemo" */ = {
			isa = XCConfigurationList;
			buildConfigurations = (
				6121616D1CC9D803006A7C72 /* Debug */,
				6121616E1CC9D803006A7C72 /* Release */,
			);
			defaultConfigurationIsVisible = 0;
			defaultConfigurationName = Release;
		};
/* End XCConfigurationList section */
	};
	rootObject = 6121614D1CC9D803006A7C72 /* Project object */;
}
